{
  "name": "@components",
  "requires": true,
  "lockfileVersion": 1,
  "dependencies": {
    "expo-image-picker": {
      "version": "8.1.0",
      "resolved": "https://registry.npmjs.org/expo-image-picker/-/expo-image-picker-8.1.0.tgz",
      "integrity": "sha512-UMHiDGiflg47A/nfnmJ1gYdB/sEoxB4STVGgMeLNYpUkVR59kUWqsGTyVEtSywNCLPuXPZVB9NaRUd81Rbs7lA==",
      "requires": {
        "expo-permissions": "~8.1.0"
      }
    },
    "expo-permissions": {
      "version": "8.1.0",
      "resolved": "https://registry.npmjs.org/expo-permissions/-/expo-permissions-8.1.0.tgz",
      "integrity": "sha512-QBHD+1J9+sGFnhoEGzMRchPweeEE0OJ9ehG/0l1BMRBA7qsLS9vRC1FTJ55NwjI0Kr4RTha9r6ZX1kZHT09f/w=="
    },
    "google-libphonenumber": {
      "version": "3.2.9",
      "resolved": "https://registry.npmjs.org/google-libphonenumber/-/google-libphonenumber-3.2.9.tgz",
      "integrity": "sha512-PCU6Z5drRaFHNICJcurXsf6DN//ZNl0PXmPIpbHi+E1pp54GwyrhxBn57rr1nx+3mNUOMr4zeWirIKPc4ziJgw=="
    },
    "js-tokens": {
      "version": "4.0.0",
      "resolved": "https://registry.npmjs.org/js-tokens/-/js-tokens-4.0.0.tgz",
      "integrity": "sha512-RdJUflcE3cUzKiMqQgsCu06FPu9UdIJO0beYbPhHN4k6apgJtifcoCtT9bcxOpYBtpD2kCM6Sbzg4CausW/PKQ=="
    },
    "lodash": {
      "version": "4.17.15",
      "resolved": "https://registry.npmjs.org/lodash/-/lodash-4.17.15.tgz",
      "integrity": "sha512-8xOcRHvCjnocdS5cpwXQXVzmmh5e5+saE2QGoeQmbKmRS6J3VQppPOIt0MnmE+4xlZoumy0GPG0D0MVIQbNA1A=="
    },
    "loose-envify": {
      "version": "1.4.0",
      "resolved": "https://registry.npmjs.org/loose-envify/-/loose-envify-1.4.0.tgz",
      "integrity": "sha512-lyuxPGr/Wfhrlem2CL/UcnUc1zcqKAImBDzukY7Y5F/yQiNdko6+fRLevlw1HgMySw7f611UIY408EtxRSoK3Q==",
      "requires": {
        "js-tokens": "^3.0.0 || ^4.0.0"
      }
    },
    "object-assign": {
      "version": "4.1.1",
      "resolved": "https://registry.npmjs.org/object-assign/-/object-assign-4.1.1.tgz",
      "integrity": "sha1-IQmtx5ZYh8/AXLvUQsrIv7s2CGM="
    },
    "prop-types": {
      "version": "15.7.2",
      "resolved": "https://registry.npmjs.org/prop-types/-/prop-types-15.7.2.tgz",
      "integrity": "sha512-8QQikdH7//R2vurIJSutZ1smHYTcLpRWEOlHnzcWHmBYrOGUysKwSsrC89BCiFj3CbrfJ/nXFdJepOVrY1GCHQ==",
      "requires": {
        "loose-envify": "^1.4.0",
        "object-assign": "^4.1.1",
        "react-is": "^16.8.1"
      }
    },
    "react-is": {
      "version": "16.13.1",
      "resolved": "https://registry.npmjs.org/react-is/-/react-is-16.13.1.tgz",
      "integrity": "sha512-24e6ynE2H+OKt4kqsOvNd8kBpV65zoxbA4BVsEOB3ARVWQki/DHzaUoC5KuON/BiccDaCCTZBuOcfZs70kR8bQ=="
    },
    "react-native-modal-selector": {
      "version": "2.0.1",
      "resolved": "https://registry.npmjs.org/react-native-modal-selector/-/react-native-modal-selector-2.0.1.tgz",
      "integrity": "sha512-biDUC51MnH3aIbCL4tGJjqN6MPd+H3iPy/EsoPwY5qcUjYn1owbCXs+RY80wOOYpu9OLi6RZQ+C87v2JQ8TxOA==",
      "requires": {
        "prop-types": "^15.5.10"
      }
    },
    "react-native-orientation-loading-overlay": {
      "version": "0.1.6",
      "resolved": "https://registry.npmjs.org/react-native-orientation-loading-overlay/-/react-native-orientation-loading-overlay-0.1.6.tgz",
      "integrity": "sha512-SbsBFnZIejF/zZy3nL2vmmZkUovQ9ed28b6p2x8ZhAYoseHyO3dS0iahhPu1eSneGE2+XVw+zoKHmxOmVFmKXw=="
    },
    "react-native-phone-input": {
      "version": "0.2.4",
      "resolved": "https://registry.npmjs.org/react-native-phone-input/-/react-native-phone-input-0.2.4.tgz",
      "integrity": "sha512-NSfiY0ZyyLFRmem2x14Hdnd0tSMYEDX05B7rWXcfw/ulB2jdlXgili2xRNMwV6aZVWFfcKBJAGNi0Vxc6L1fLw==",
      "requires": {
        "google-libphonenumber": "^3.2.2",
        "lodash": "^4.17.4",
        "prop-types": "^15.5.10"
      }
    },
    "react-native-swipe-list-view": {
      "version": "2.5.0",
      "resolved": "https://registry.npmjs.org/react-native-swipe-list-view/-/react-native-swipe-list-view-2.5.0.tgz",
      "integrity": "sha512-HTsVaxA3an6myShlLroTyDZo/AOrZ6HJr+EwCaGRE2YuGdM/cFHoYfsuslOEEig5GenTw8DILUB8kqYWQ5lJtA=="
    }
  }
}
