{
  "name": "@components",
  "requires": true,
  "lockfileVersion": 1,
  "dependencies": {
    "react-native-orientation-loading-overlay": {
      "version": "0.1.6",
      "resolved": "https://registry.npmjs.org/react-native-orientation-loading-overlay/-/react-native-orientation-loading-overlay-0.1.6.tgz",
      "integrity": "sha512-SbsBFnZIejF/zZy3nL2vmmZkUovQ9ed28b6p2x8ZhAYoseHyO3dS0iahhPu1eSneGE2+XVw+zoKHmxOmVFmKXw=="
    }
  }
}
