{
  "name": "@components",
  "requires": true,
  "lockfileVersion": 1,
  "dependencies": {
    "@babel/runtime": {
      "version": "7.9.6",
      "resolved": "https://registry.npmjs.org/@babel/runtime/-/runtime-7.9.6.tgz",
      "integrity": "sha512-64AF1xY3OAkFHqOb9s4jpgk1Mm5vDZ4L3acHvAml+53nO1XbXLuDodsVpO4OIUsmemlUHMxNdYMNJmsvOwLrvQ==",
      "requires": {
        "regenerator-runtime": "^0.13.4"
      }
    },
    "@wry/equality": {
      "version": "0.1.11",
      "resolved": "https://registry.npmjs.org/@wry/equality/-/equality-0.1.11.tgz",
      "integrity": "sha512-mwEVBDUVODlsQQ5dfuLUS5/Tf7jqUKyhKYHmVi4fPB6bDMOfWvUPJmKgS1Z7Za/sOI3vzWt4+O7yCiL/70MogA==",
      "requires": {
        "tslib": "^1.9.3"
      }
    },
    "apollo-link": {
      "version": "1.2.14",
      "resolved": "https://registry.npmjs.org/apollo-link/-/apollo-link-1.2.14.tgz",
      "integrity": "sha512-p67CMEFP7kOG1JZ0ZkYZwRDa369w5PIjtMjvrQd/HnIV8FRsHRqLqK+oAZQnFa1DDdZtOtHTi+aMIW6EatC2jg==",
      "requires": {
        "apollo-utilities": "^1.3.0",
        "ts-invariant": "^0.4.0",
        "tslib": "^1.9.3",
        "zen-observable-ts": "^0.8.21"
      }
    },
    "apollo-link-http-common": {
      "version": "0.2.16",
      "resolved": "https://registry.npmjs.org/apollo-link-http-common/-/apollo-link-http-common-0.2.16.tgz",
      "integrity": "sha512-2tIhOIrnaF4UbQHf7kjeQA/EmSorB7+HyJIIrUjJOKBgnXwuexi8aMecRlqTIDWcyVXCeqLhUnztMa6bOH/jTg==",
      "requires": {
        "apollo-link": "^1.2.14",
        "ts-invariant": "^0.4.0",
        "tslib": "^1.9.3"
      }
    },
    "apollo-upload-client": {
      "version": "13.0.0",
      "resolved": "https://registry.npmjs.org/apollo-upload-client/-/apollo-upload-client-13.0.0.tgz",
      "integrity": "sha512-lJ9/bk1BH1lD15WhWRha2J3+LrXrPIX5LP5EwiOUHv8PCORp4EUrcujrA3rI5hZeZygrTX8bshcuMdpqpSrvtA==",
      "requires": {
        "@babel/runtime": "^7.9.2",
        "apollo-link": "^1.2.12",
        "apollo-link-http-common": "^0.2.14",
        "extract-files": "^8.0.0"
      }
    },
    "apollo-utilities": {
      "version": "1.3.3",
      "resolved": "https://registry.npmjs.org/apollo-utilities/-/apollo-utilities-1.3.3.tgz",
      "integrity": "sha512-F14aX2R/fKNYMvhuP2t9GD9fggID7zp5I96MF5QeKYWDWTrkRdHRp4+SVfXUVN+cXOaB/IebfvRtzPf25CM0zw==",
      "requires": {
        "@wry/equality": "^0.1.2",
        "fast-json-stable-stringify": "^2.0.0",
        "ts-invariant": "^0.4.0",
        "tslib": "^1.10.0"
      }
    },
    "expo-image-picker": {
      "version": "8.1.0",
      "resolved": "https://registry.npmjs.org/expo-image-picker/-/expo-image-picker-8.1.0.tgz",
      "integrity": "sha512-UMHiDGiflg47A/nfnmJ1gYdB/sEoxB4STVGgMeLNYpUkVR59kUWqsGTyVEtSywNCLPuXPZVB9NaRUd81Rbs7lA==",
      "requires": {
        "expo-permissions": "~8.1.0"
      }
    },
    "expo-permissions": {
      "version": "8.1.0",
      "resolved": "https://registry.npmjs.org/expo-permissions/-/expo-permissions-8.1.0.tgz",
      "integrity": "sha512-QBHD+1J9+sGFnhoEGzMRchPweeEE0OJ9ehG/0l1BMRBA7qsLS9vRC1FTJ55NwjI0Kr4RTha9r6ZX1kZHT09f/w=="
    },
    "extract-files": {
      "version": "8.1.0",
      "resolved": "https://registry.npmjs.org/extract-files/-/extract-files-8.1.0.tgz",
      "integrity": "sha512-PTGtfthZK79WUMk+avLmwx3NGdU8+iVFXC2NMGxKsn0MnihOG2lvumj+AZo8CTwTrwjXDgZ5tztbRlEdRjBonQ=="
    },
    "fast-json-stable-stringify": {
      "version": "2.1.0",
      "resolved": "https://registry.npmjs.org/fast-json-stable-stringify/-/fast-json-stable-stringify-2.1.0.tgz",
      "integrity": "sha512-lhd/wF+Lk98HZoTCtlVraHtfh5XYijIjalXck7saUtuanSDyLMxnHhSXEDJqHxD7msR8D0uCmqlkwjCV8xvwHw=="
    },
    "google-libphonenumber": {
      "version": "3.2.9",
      "resolved": "https://registry.npmjs.org/google-libphonenumber/-/google-libphonenumber-3.2.9.tgz",
      "integrity": "sha512-PCU6Z5drRaFHNICJcurXsf6DN//ZNl0PXmPIpbHi+E1pp54GwyrhxBn57rr1nx+3mNUOMr4zeWirIKPc4ziJgw=="
    },
    "js-tokens": {
      "version": "4.0.0",
      "resolved": "https://registry.npmjs.org/js-tokens/-/js-tokens-4.0.0.tgz",
      "integrity": "sha512-RdJUflcE3cUzKiMqQgsCu06FPu9UdIJO0beYbPhHN4k6apgJtifcoCtT9bcxOpYBtpD2kCM6Sbzg4CausW/PKQ=="
    },
    "lodash": {
      "version": "4.17.15",
      "resolved": "https://registry.npmjs.org/lodash/-/lodash-4.17.15.tgz",
      "integrity": "sha512-8xOcRHvCjnocdS5cpwXQXVzmmh5e5+saE2QGoeQmbKmRS6J3VQppPOIt0MnmE+4xlZoumy0GPG0D0MVIQbNA1A=="
    },
    "loose-envify": {
      "version": "1.4.0",
      "resolved": "https://registry.npmjs.org/loose-envify/-/loose-envify-1.4.0.tgz",
      "integrity": "sha512-lyuxPGr/Wfhrlem2CL/UcnUc1zcqKAImBDzukY7Y5F/yQiNdko6+fRLevlw1HgMySw7f611UIY408EtxRSoK3Q==",
      "requires": {
        "js-tokens": "^3.0.0 || ^4.0.0"
      }
    },
    "object-assign": {
      "version": "4.1.1",
      "resolved": "https://registry.npmjs.org/object-assign/-/object-assign-4.1.1.tgz",
      "integrity": "sha1-IQmtx5ZYh8/AXLvUQsrIv7s2CGM="
    },
    "prop-types": {
      "version": "15.7.2",
      "resolved": "https://registry.npmjs.org/prop-types/-/prop-types-15.7.2.tgz",
      "integrity": "sha512-8QQikdH7//R2vurIJSutZ1smHYTcLpRWEOlHnzcWHmBYrOGUysKwSsrC89BCiFj3CbrfJ/nXFdJepOVrY1GCHQ==",
      "requires": {
        "loose-envify": "^1.4.0",
        "object-assign": "^4.1.1",
        "react-is": "^16.8.1"
      }
    },
    "react-is": {
      "version": "16.13.1",
      "resolved": "https://registry.npmjs.org/react-is/-/react-is-16.13.1.tgz",
      "integrity": "sha512-24e6ynE2H+OKt4kqsOvNd8kBpV65zoxbA4BVsEOB3ARVWQki/DHzaUoC5KuON/BiccDaCCTZBuOcfZs70kR8bQ=="
    },
    "react-native-modal-selector": {
      "version": "2.0.1",
      "resolved": "https://registry.npmjs.org/react-native-modal-selector/-/react-native-modal-selector-2.0.1.tgz",
      "integrity": "sha512-biDUC51MnH3aIbCL4tGJjqN6MPd+H3iPy/EsoPwY5qcUjYn1owbCXs+RY80wOOYpu9OLi6RZQ+C87v2JQ8TxOA==",
      "requires": {
        "prop-types": "^15.5.10"
      }
    },
    "react-native-orientation-loading-overlay": {
      "version": "0.1.6",
      "resolved": "https://registry.npmjs.org/react-native-orientation-loading-overlay/-/react-native-orientation-loading-overlay-0.1.6.tgz",
      "integrity": "sha512-SbsBFnZIejF/zZy3nL2vmmZkUovQ9ed28b6p2x8ZhAYoseHyO3dS0iahhPu1eSneGE2+XVw+zoKHmxOmVFmKXw=="
    },
    "react-native-phone-input": {
      "version": "0.2.4",
      "resolved": "https://registry.npmjs.org/react-native-phone-input/-/react-native-phone-input-0.2.4.tgz",
      "integrity": "sha512-NSfiY0ZyyLFRmem2x14Hdnd0tSMYEDX05B7rWXcfw/ulB2jdlXgili2xRNMwV6aZVWFfcKBJAGNi0Vxc6L1fLw==",
      "requires": {
        "google-libphonenumber": "^3.2.2",
        "lodash": "^4.17.4",
        "prop-types": "^15.5.10"
      }
    },
    "react-native-swipe-list-view": {
      "version": "2.5.0",
      "resolved": "https://registry.npmjs.org/react-native-swipe-list-view/-/react-native-swipe-list-view-2.5.0.tgz",
      "integrity": "sha512-HTsVaxA3an6myShlLroTyDZo/AOrZ6HJr+EwCaGRE2YuGdM/cFHoYfsuslOEEig5GenTw8DILUB8kqYWQ5lJtA=="
    },
    "regenerator-runtime": {
      "version": "0.13.5",
      "resolved": "https://registry.npmjs.org/regenerator-runtime/-/regenerator-runtime-0.13.5.tgz",
      "integrity": "sha512-ZS5w8CpKFinUzOwW3c83oPeVXoNsrLsaCoLtJvAClH135j/R77RuymhiSErhm2lKcwSCIpmvIWSbDkIfAqKQlA=="
    },
    "ts-invariant": {
      "version": "0.4.4",
      "resolved": "https://registry.npmjs.org/ts-invariant/-/ts-invariant-0.4.4.tgz",
      "integrity": "sha512-uEtWkFM/sdZvRNNDL3Ehu4WVpwaulhwQszV8mrtcdeE8nN00BV9mAmQ88RkrBhFgl9gMgvjJLAQcZbnPXI9mlA==",
      "requires": {
        "tslib": "^1.9.3"
      }
    },
    "tslib": {
      "version": "1.11.1",
      "resolved": "https://registry.npmjs.org/tslib/-/tslib-1.11.1.tgz",
      "integrity": "sha512-aZW88SY8kQbU7gpV19lN24LtXh/yD4ZZg6qieAJDDg+YBsJcSmLGK9QpnUjAKVG/xefmvJGd1WUmfpT/g6AJGA=="
    },
    "zen-observable": {
      "version": "0.8.15",
      "resolved": "https://registry.npmjs.org/zen-observable/-/zen-observable-0.8.15.tgz",
      "integrity": "sha512-PQ2PC7R9rslx84ndNBZB/Dkv8V8fZEpk83RLgXtYd0fwUgEjseMn1Dgajh2x6S8QbZAFa9p2qVCEuYZNgve0dQ=="
    },
    "zen-observable-ts": {
      "version": "0.8.21",
      "resolved": "https://registry.npmjs.org/zen-observable-ts/-/zen-observable-ts-0.8.21.tgz",
      "integrity": "sha512-Yj3yXweRc8LdRMrCC8nIc4kkjWecPAUVh0TI0OUrWXx6aX790vLcDlWca6I4vsyCGH3LpWxq0dJRcMOFoVqmeg==",
      "requires": {
        "tslib": "^1.9.3",
        "zen-observable": "^0.8.0"
      }
    }
  }
}
